
Microsoft Visual Studio Solution File, Format Version 12.00
# Visual Studio Version 17
VisualStudioVersion = 17.10.34916.146
MinimumVisualStudioVersion = 10.0.40219.1
Project("{FAE04EC0-301F-11D3-BF4B-00C04F79EFBC}") = "az-functions", "az-functions\az-functions.csproj", "{4AEA9D4E-AA93-4FF3-AF27-36654B77E91F}"
EndProject
Global
	GlobalSection(SolutionConfigurationPlatforms) = preSolution
		Debug|Any CPU = Debug|Any CPU
		Release|Any CPU = Release|Any CPU
	EndGlobalSection
	GlobalSection(ProjectConfigurationPlatforms) = postSolution
		{4AEA9D4E-AA93-4FF3-AF27-36654B77E91F}.Debug|Any CPU.ActiveCfg = Debug|Any CPU
		{4AEA9D4E-AA93-4FF3-AF27-36654B77E91F}.Debug|Any CPU.Build.0 = Debug|Any CPU
		{4AEA9D4E-AA93-4FF3-AF27-36654B77E91F}.Release|Any CPU.ActiveCfg = Release|Any CPU
		{4AEA9D4E-AA93-4FF3-AF27-36654B77E91F}.Release|Any CPU.Build.0 = Release|Any CPU
	EndGlobalSection
	GlobalSection(SolutionProperties) = preSolution
		HideSolutionNode = FALSE
	EndGlobalSection
	GlobalSection(ExtensibilityGlobals) = postSolution
		SolutionGuid = {31A3BB41-50C6-414A-9FC8-94CB8E98B1D3}
	EndGlobalSection
EndGlobal
